
Microsoft Visual Studio Solution File, Format Version 12.00
# Visual Studio 2012
Project("{FAE04EC0-301F-11D3-BF4B-00C04F79EFBC}") = "01. FillMatrixAsShown", "01. FillMatrixAsShown\01. FillMatrixAsShown.csproj", "{D128CE7C-9D84-417B-B1E3-CAB9B6FAE084}"
EndProject
Project("{FAE04EC0-301F-11D3-BF4B-00C04F79EFBC}") = "02. FindSquareWithMaxSumOfElements", "02. FindSquareWithMaxSumOfElements\02. FindSquareWithMaxSumOfElements.csproj", "{058E0599-0D16-41F4-885E-DF65706AE220}"
EndProject
Project("{FAE04EC0-301F-11D3-BF4B-00C04F79EFBC}") = "03. LongestSeqOfEqualStringsInMatrix", "03. LongesSeqOfEqualStringsInMatrix\03. LongestSeqOfEqualStringsInMatrix.csproj", "{A02F2778-51A8-4505-A321-4C3F164B3E3A}"
EndProject
Project("{FAE04EC0-301F-11D3-BF4B-00C04F79EFBC}") = "04. ArrayBinSearchSort", "04. ArrayBinSearchSort\04. ArrayBinSearchSort.csproj", "{6B861C68-0812-4963-B2B2-D254169B15A1}"
EndProject
Project("{FAE04EC0-301F-11D3-BF4B-00C04F79EFBC}") = "05. SortStringArrayByElementLength", "05. SortStringArrayByElementLength\05. SortStringArrayByElementLength.csproj", "{19210EE6-8BFD-4056-8E48-4F4EC921F08A}"
EndProject
Project("{FAE04EC0-301F-11D3-BF4B-00C04F79EFBC}") = "06. Matrix", "06. Matrix\06. Matrix.csproj", "{0C6237E1-ECA2-42D3-A2E4-BDCA1FE7E1BC}"
EndProject
Project("{FAE04EC0-301F-11D3-BF4B-00C04F79EFBC}") = "07. FindLargestAreaOfEqualElements", "07. FindLargestAreaOfEqualElements\07. FindLargestAreaOfEqualElements.csproj", "{BFA86B0C-94CD-4F6D-AC3D-3D85D135E31D}"
EndProject
Global
	GlobalSection(SolutionConfigurationPlatforms) = preSolution
		Debug|Any CPU = Debug|Any CPU
		Release|Any CPU = Release|Any CPU
	EndGlobalSection
	GlobalSection(ProjectConfigurationPlatforms) = postSolution
		{D128CE7C-9D84-417B-B1E3-CAB9B6FAE084}.Debug|Any CPU.ActiveCfg = Debug|Any CPU
		{D128CE7C-9D84-417B-B1E3-CAB9B6FAE084}.Debug|Any CPU.Build.0 = Debug|Any CPU
		{D128CE7C-9D84-417B-B1E3-CAB9B6FAE084}.Release|Any CPU.ActiveCfg = Release|Any CPU
		{D128CE7C-9D84-417B-B1E3-CAB9B6FAE084}.Release|Any CPU.Build.0 = Release|Any CPU
		{058E0599-0D16-41F4-885E-DF65706AE220}.Debug|Any CPU.ActiveCfg = Debug|Any CPU
		{058E0599-0D16-41F4-885E-DF65706AE220}.Debug|Any CPU.Build.0 = Debug|Any CPU
		{058E0599-0D16-41F4-885E-DF65706AE220}.Release|Any CPU.ActiveCfg = Release|Any CPU
		{058E0599-0D16-41F4-885E-DF65706AE220}.Release|Any CPU.Build.0 = Release|Any CPU
		{A02F2778-51A8-4505-A321-4C3F164B3E3A}.Debug|Any CPU.ActiveCfg = Debug|Any CPU
		{A02F2778-51A8-4505-A321-4C3F164B3E3A}.Debug|Any CPU.Build.0 = Debug|Any CPU
		{A02F2778-51A8-4505-A321-4C3F164B3E3A}.Release|Any CPU.ActiveCfg = Release|Any CPU
		{A02F2778-51A8-4505-A321-4C3F164B3E3A}.Release|Any CPU.Build.0 = Release|Any CPU
		{6B861C68-0812-4963-B2B2-D254169B15A1}.Debug|Any CPU.ActiveCfg = Debug|Any CPU
		{6B861C68-0812-4963-B2B2-D254169B15A1}.Debug|Any CPU.Build.0 = Debug|Any CPU
		{6B861C68-0812-4963-B2B2-D254169B15A1}.Release|Any CPU.ActiveCfg = Release|Any CPU
		{6B861C68-0812-4963-B2B2-D254169B15A1}.Release|Any CPU.Build.0 = Release|Any CPU
		{19210EE6-8BFD-4056-8E48-4F4EC921F08A}.Debug|Any CPU.ActiveCfg = Debug|Any CPU
		{19210EE6-8BFD-4056-8E48-4F4EC921F08A}.Debug|Any CPU.Build.0 = Debug|Any CPU
		{19210EE6-8BFD-4056-8E48-4F4EC921F08A}.Release|Any CPU.ActiveCfg = Release|Any CPU
		{19210EE6-8BFD-4056-8E48-4F4EC921F08A}.Release|Any CPU.Build.0 = Release|Any CPU
		{0C6237E1-ECA2-42D3-A2E4-BDCA1FE7E1BC}.Debug|Any CPU.ActiveCfg = Debug|Any CPU
		{0C6237E1-ECA2-42D3-A2E4-BDCA1FE7E1BC}.Debug|Any CPU.Build.0 = Debug|Any CPU
		{0C6237E1-ECA2-42D3-A2E4-BDCA1FE7E1BC}.Release|Any CPU.ActiveCfg = Release|Any CPU
		{0C6237E1-ECA2-42D3-A2E4-BDCA1FE7E1BC}.Release|Any CPU.Build.0 = Release|Any CPU
		{BFA86B0C-94CD-4F6D-AC3D-3D85D135E31D}.Debug|Any CPU.ActiveCfg = Debug|Any CPU
		{BFA86B0C-94CD-4F6D-AC3D-3D85D135E31D}.Debug|Any CPU.Build.0 = Debug|Any CPU
		{BFA86B0C-94CD-4F6D-AC3D-3D85D135E31D}.Release|Any CPU.ActiveCfg = Release|Any CPU
		{BFA86B0C-94CD-4F6D-AC3D-3D85D135E31D}.Release|Any CPU.Build.0 = Release|Any CPU
	EndGlobalSection
	GlobalSection(SolutionProperties) = preSolution
		HideSolutionNode = FALSE
	EndGlobalSection
EndGlobal
