
Microsoft Visual Studio Solution File, Format Version 12.00
# Visual Studio 2012
Project("{FAE04EC0-301F-11D3-BF4B-00C04F79EFBC}") = "01. MultiplyIndexesOfElements", "01. MultiplyIndexesOfElements\01. MultiplyIndexesOfElements.csproj", "{24E4970C-7727-477C-8146-2F6B0D9367C5}"
EndProject
Project("{FAE04EC0-301F-11D3-BF4B-00C04F79EFBC}") = "02. CompareTwoArrays", "02. CompareTwoArrays\02. CompareTwoArrays.csproj", "{CC8FB03D-F122-40CB-9C29-5663C1FB5B07}"
EndProject
Project("{FAE04EC0-301F-11D3-BF4B-00C04F79EFBC}") = "03. CompareTwoCharArrays", "03. CompareTwoCharArrays\03. CompareTwoCharArrays.csproj", "{486E95AB-1560-43A1-91C1-A853AC702EDB}"
EndProject
Project("{FAE04EC0-301F-11D3-BF4B-00C04F79EFBC}") = "04. MaxSeqOfEqualElements", "04. MaxSeqOfEqualElements\04. MaxSeqOfEqualElements.csproj", "{42B57405-8504-40D6-828F-110A504B8C88}"
EndProject
Project("{FAE04EC0-301F-11D3-BF4B-00C04F79EFBC}") = "05. MaxIncreasingSeq", "05. MaxIncreasingSeq\05. MaxIncreasingSeq.csproj", "{9BB4FC64-6F56-431F-BE89-396E77E1F9AF}"
EndProject
Global
	GlobalSection(SolutionConfigurationPlatforms) = preSolution
		Debug|Any CPU = Debug|Any CPU
		Release|Any CPU = Release|Any CPU
	EndGlobalSection
	GlobalSection(ProjectConfigurationPlatforms) = postSolution
		{24E4970C-7727-477C-8146-2F6B0D9367C5}.Debug|Any CPU.ActiveCfg = Debug|Any CPU
		{24E4970C-7727-477C-8146-2F6B0D9367C5}.Debug|Any CPU.Build.0 = Debug|Any CPU
		{24E4970C-7727-477C-8146-2F6B0D9367C5}.Release|Any CPU.ActiveCfg = Release|Any CPU
		{24E4970C-7727-477C-8146-2F6B0D9367C5}.Release|Any CPU.Build.0 = Release|Any CPU
		{CC8FB03D-F122-40CB-9C29-5663C1FB5B07}.Debug|Any CPU.ActiveCfg = Debug|Any CPU
		{CC8FB03D-F122-40CB-9C29-5663C1FB5B07}.Debug|Any CPU.Build.0 = Debug|Any CPU
		{CC8FB03D-F122-40CB-9C29-5663C1FB5B07}.Release|Any CPU.ActiveCfg = Release|Any CPU
		{CC8FB03D-F122-40CB-9C29-5663C1FB5B07}.Release|Any CPU.Build.0 = Release|Any CPU
		{486E95AB-1560-43A1-91C1-A853AC702EDB}.Debug|Any CPU.ActiveCfg = Debug|Any CPU
		{486E95AB-1560-43A1-91C1-A853AC702EDB}.Debug|Any CPU.Build.0 = Debug|Any CPU
		{486E95AB-1560-43A1-91C1-A853AC702EDB}.Release|Any CPU.ActiveCfg = Release|Any CPU
		{486E95AB-1560-43A1-91C1-A853AC702EDB}.Release|Any CPU.Build.0 = Release|Any CPU
		{42B57405-8504-40D6-828F-110A504B8C88}.Debug|Any CPU.ActiveCfg = Debug|Any CPU
		{42B57405-8504-40D6-828F-110A504B8C88}.Debug|Any CPU.Build.0 = Debug|Any CPU
		{42B57405-8504-40D6-828F-110A504B8C88}.Release|Any CPU.ActiveCfg = Release|Any CPU
		{42B57405-8504-40D6-828F-110A504B8C88}.Release|Any CPU.Build.0 = Release|Any CPU
		{9BB4FC64-6F56-431F-BE89-396E77E1F9AF}.Debug|Any CPU.ActiveCfg = Debug|Any CPU
		{9BB4FC64-6F56-431F-BE89-396E77E1F9AF}.Debug|Any CPU.Build.0 = Debug|Any CPU
		{9BB4FC64-6F56-431F-BE89-396E77E1F9AF}.Release|Any CPU.ActiveCfg = Release|Any CPU
		{9BB4FC64-6F56-431F-BE89-396E77E1F9AF}.Release|Any CPU.Build.0 = Release|Any CPU
	EndGlobalSection
	GlobalSection(SolutionProperties) = preSolution
		HideSolutionNode = FALSE
	EndGlobalSection
EndGlobal
