
Microsoft Visual Studio Solution File, Format Version 12.00
# Visual Studio 2013
VisualStudioVersion = 12.0.21005.1
MinimumVisualStudioVersion = 10.0.40219.1
Project("{FAE04EC0-301F-11D3-BF4B-00C04F79EFBC}") = "01. Tables", "01. Tables\01. Tables.csproj", "{689AEE75-C1C9-48F2-B51A-81662481B0DE}"
EndProject
Project("{FAE04EC0-301F-11D3-BF4B-00C04F79EFBC}") = "02. Forms", "02. Forms\02. Forms.csproj", "{F3EAB7D5-FD08-45E0-941B-B8393204C563}"
EndProject
Project("{FAE04EC0-301F-11D3-BF4B-00C04F79EFBC}") = "03. Calculator", "03. Calculator\03. Calculator.csproj", "{E0C3942D-B016-4A29-B917-FBBAB988EEE9}"
EndProject
Global
	GlobalSection(SolutionConfigurationPlatforms) = preSolution
		Debug|Any CPU = Debug|Any CPU
		Release|Any CPU = Release|Any CPU
	EndGlobalSection
	GlobalSection(ProjectConfigurationPlatforms) = postSolution
		{689AEE75-C1C9-48F2-B51A-81662481B0DE}.Debug|Any CPU.ActiveCfg = Debug|Any CPU
		{689AEE75-C1C9-48F2-B51A-81662481B0DE}.Debug|Any CPU.Build.0 = Debug|Any CPU
		{689AEE75-C1C9-48F2-B51A-81662481B0DE}.Release|Any CPU.ActiveCfg = Release|Any CPU
		{689AEE75-C1C9-48F2-B51A-81662481B0DE}.Release|Any CPU.Build.0 = Release|Any CPU
		{F3EAB7D5-FD08-45E0-941B-B8393204C563}.Debug|Any CPU.ActiveCfg = Debug|Any CPU
		{F3EAB7D5-FD08-45E0-941B-B8393204C563}.Debug|Any CPU.Build.0 = Debug|Any CPU
		{F3EAB7D5-FD08-45E0-941B-B8393204C563}.Release|Any CPU.ActiveCfg = Release|Any CPU
		{F3EAB7D5-FD08-45E0-941B-B8393204C563}.Release|Any CPU.Build.0 = Release|Any CPU
		{E0C3942D-B016-4A29-B917-FBBAB988EEE9}.Debug|Any CPU.ActiveCfg = Debug|Any CPU
		{E0C3942D-B016-4A29-B917-FBBAB988EEE9}.Debug|Any CPU.Build.0 = Debug|Any CPU
		{E0C3942D-B016-4A29-B917-FBBAB988EEE9}.Release|Any CPU.ActiveCfg = Release|Any CPU
		{E0C3942D-B016-4A29-B917-FBBAB988EEE9}.Release|Any CPU.Build.0 = Release|Any CPU
	EndGlobalSection
	GlobalSection(SolutionProperties) = preSolution
		HideSolutionNode = FALSE
	EndGlobalSection
EndGlobal
