
Microsoft Visual Studio Solution File, Format Version 12.00
# Visual Studio 2012
Project("{FAE04EC0-301F-11D3-BF4B-00C04F79EFBC}") = "01. ExchangeValues", "01. ExchangeValues\01. ExchangeValues.csproj", "{1EC35605-7EC6-46A6-B977-6A7A0B9C2E05}"
EndProject
Project("{FAE04EC0-301F-11D3-BF4B-00C04F79EFBC}") = "02. ShowSign", "02. ShowSign\02. ShowSign.csproj", "{43EF1195-A763-48EA-8D9E-772A050A1AD9}"
EndProject
Project("{FAE04EC0-301F-11D3-BF4B-00C04F79EFBC}") = "03. BiggestNumber", "03. BiggestNumber\03. BiggestNumber.csproj", "{6B1EA3F8-EEC0-4E99-B43E-E12A707BBED6}"
EndProject
Project("{FAE04EC0-301F-11D3-BF4B-00C04F79EFBC}") = "04. SortValuesDescending", "04. SortValuesDescending\04. SortValuesDescending.csproj", "{F73A66C3-C133-4689-BE11-3E15486F1BC5}"
EndProject
Project("{FAE04EC0-301F-11D3-BF4B-00C04F79EFBC}") = "05. NameOfDigit", "05. NameOfDigit\05. NameOfDigit.csproj", "{5ABE6AE3-424A-4075-9CA1-F247E0FCEF3C}"
EndProject
Project("{FAE04EC0-301F-11D3-BF4B-00C04F79EFBC}") = "06. QuadraticEquation", "06. QuadraticEquation\06. QuadraticEquation.csproj", "{17323175-A9D8-4419-85A5-3DB6FB5D0C22}"
EndProject
Project("{FAE04EC0-301F-11D3-BF4B-00C04F79EFBC}") = "07. GreatestFromFiveNums", "07. GreatestFromFiveNums\07. GreatestFromFiveNums.csproj", "{D8479AF0-E0B6-4412-BB9F-1C228DD393A3}"
EndProject
Project("{FAE04EC0-301F-11D3-BF4B-00C04F79EFBC}") = "08. UserChoiceInput", "08. UserChoiceInput\08. UserChoiceInput.csproj", "{8D17C7A1-037B-4BAA-9D5C-D0263C336116}"
EndProject
Project("{FAE04EC0-301F-11D3-BF4B-00C04F79EFBC}") = "09. SumOfSubsetIsZero", "09. SumOfSubsetIsZero\09. SumOfSubsetIsZero.csproj", "{B6B9F3F3-5473-4059-83D6-A2EAB6D9B504}"
EndProject
Project("{FAE04EC0-301F-11D3-BF4B-00C04F79EFBC}") = "10. BonusScores", "10. BonusScores\10. BonusScores.csproj", "{0E6D49ED-9D15-4F50-ABE9-B109092D2150}"
EndProject
Project("{FAE04EC0-301F-11D3-BF4B-00C04F79EFBC}") = "11. NumbersToText", "11. NumbersToText\11. NumbersToText.csproj", "{86513576-7666-484C-BDA7-F56AE7B7F6B2}"
EndProject
Global
	GlobalSection(SolutionConfigurationPlatforms) = preSolution
		Debug|Any CPU = Debug|Any CPU
		Release|Any CPU = Release|Any CPU
	EndGlobalSection
	GlobalSection(ProjectConfigurationPlatforms) = postSolution
		{1EC35605-7EC6-46A6-B977-6A7A0B9C2E05}.Debug|Any CPU.ActiveCfg = Debug|Any CPU
		{1EC35605-7EC6-46A6-B977-6A7A0B9C2E05}.Debug|Any CPU.Build.0 = Debug|Any CPU
		{1EC35605-7EC6-46A6-B977-6A7A0B9C2E05}.Release|Any CPU.ActiveCfg = Release|Any CPU
		{1EC35605-7EC6-46A6-B977-6A7A0B9C2E05}.Release|Any CPU.Build.0 = Release|Any CPU
		{43EF1195-A763-48EA-8D9E-772A050A1AD9}.Debug|Any CPU.ActiveCfg = Debug|Any CPU
		{43EF1195-A763-48EA-8D9E-772A050A1AD9}.Debug|Any CPU.Build.0 = Debug|Any CPU
		{43EF1195-A763-48EA-8D9E-772A050A1AD9}.Release|Any CPU.ActiveCfg = Release|Any CPU
		{43EF1195-A763-48EA-8D9E-772A050A1AD9}.Release|Any CPU.Build.0 = Release|Any CPU
		{6B1EA3F8-EEC0-4E99-B43E-E12A707BBED6}.Debug|Any CPU.ActiveCfg = Debug|Any CPU
		{6B1EA3F8-EEC0-4E99-B43E-E12A707BBED6}.Debug|Any CPU.Build.0 = Debug|Any CPU
		{6B1EA3F8-EEC0-4E99-B43E-E12A707BBED6}.Release|Any CPU.ActiveCfg = Release|Any CPU
		{6B1EA3F8-EEC0-4E99-B43E-E12A707BBED6}.Release|Any CPU.Build.0 = Release|Any CPU
		{F73A66C3-C133-4689-BE11-3E15486F1BC5}.Debug|Any CPU.ActiveCfg = Debug|Any CPU
		{F73A66C3-C133-4689-BE11-3E15486F1BC5}.Debug|Any CPU.Build.0 = Debug|Any CPU
		{F73A66C3-C133-4689-BE11-3E15486F1BC5}.Release|Any CPU.ActiveCfg = Release|Any CPU
		{F73A66C3-C133-4689-BE11-3E15486F1BC5}.Release|Any CPU.Build.0 = Release|Any CPU
		{5ABE6AE3-424A-4075-9CA1-F247E0FCEF3C}.Debug|Any CPU.ActiveCfg = Debug|Any CPU
		{5ABE6AE3-424A-4075-9CA1-F247E0FCEF3C}.Debug|Any CPU.Build.0 = Debug|Any CPU
		{5ABE6AE3-424A-4075-9CA1-F247E0FCEF3C}.Release|Any CPU.ActiveCfg = Release|Any CPU
		{5ABE6AE3-424A-4075-9CA1-F247E0FCEF3C}.Release|Any CPU.Build.0 = Release|Any CPU
		{17323175-A9D8-4419-85A5-3DB6FB5D0C22}.Debug|Any CPU.ActiveCfg = Debug|Any CPU
		{17323175-A9D8-4419-85A5-3DB6FB5D0C22}.Debug|Any CPU.Build.0 = Debug|Any CPU
		{17323175-A9D8-4419-85A5-3DB6FB5D0C22}.Release|Any CPU.ActiveCfg = Release|Any CPU
		{17323175-A9D8-4419-85A5-3DB6FB5D0C22}.Release|Any CPU.Build.0 = Release|Any CPU
		{D8479AF0-E0B6-4412-BB9F-1C228DD393A3}.Debug|Any CPU.ActiveCfg = Debug|Any CPU
		{D8479AF0-E0B6-4412-BB9F-1C228DD393A3}.Debug|Any CPU.Build.0 = Debug|Any CPU
		{D8479AF0-E0B6-4412-BB9F-1C228DD393A3}.Release|Any CPU.ActiveCfg = Release|Any CPU
		{D8479AF0-E0B6-4412-BB9F-1C228DD393A3}.Release|Any CPU.Build.0 = Release|Any CPU
		{8D17C7A1-037B-4BAA-9D5C-D0263C336116}.Debug|Any CPU.ActiveCfg = Debug|Any CPU
		{8D17C7A1-037B-4BAA-9D5C-D0263C336116}.Debug|Any CPU.Build.0 = Debug|Any CPU
		{8D17C7A1-037B-4BAA-9D5C-D0263C336116}.Release|Any CPU.ActiveCfg = Release|Any CPU
		{8D17C7A1-037B-4BAA-9D5C-D0263C336116}.Release|Any CPU.Build.0 = Release|Any CPU
		{B6B9F3F3-5473-4059-83D6-A2EAB6D9B504}.Debug|Any CPU.ActiveCfg = Debug|Any CPU
		{B6B9F3F3-5473-4059-83D6-A2EAB6D9B504}.Debug|Any CPU.Build.0 = Debug|Any CPU
		{B6B9F3F3-5473-4059-83D6-A2EAB6D9B504}.Release|Any CPU.ActiveCfg = Release|Any CPU
		{B6B9F3F3-5473-4059-83D6-A2EAB6D9B504}.Release|Any CPU.Build.0 = Release|Any CPU
		{0E6D49ED-9D15-4F50-ABE9-B109092D2150}.Debug|Any CPU.ActiveCfg = Debug|Any CPU
		{0E6D49ED-9D15-4F50-ABE9-B109092D2150}.Debug|Any CPU.Build.0 = Debug|Any CPU
		{0E6D49ED-9D15-4F50-ABE9-B109092D2150}.Release|Any CPU.ActiveCfg = Release|Any CPU
		{0E6D49ED-9D15-4F50-ABE9-B109092D2150}.Release|Any CPU.Build.0 = Release|Any CPU
		{86513576-7666-484C-BDA7-F56AE7B7F6B2}.Debug|Any CPU.ActiveCfg = Debug|Any CPU
		{86513576-7666-484C-BDA7-F56AE7B7F6B2}.Debug|Any CPU.Build.0 = Debug|Any CPU
		{86513576-7666-484C-BDA7-F56AE7B7F6B2}.Release|Any CPU.ActiveCfg = Release|Any CPU
		{86513576-7666-484C-BDA7-F56AE7B7F6B2}.Release|Any CPU.Build.0 = Release|Any CPU
	EndGlobalSection
	GlobalSection(SolutionProperties) = preSolution
		HideSolutionNode = FALSE
	EndGlobalSection
EndGlobal
