
Microsoft Visual Studio Solution File, Format Version 12.00
# Visual Studio 2013
VisualStudioVersion = 12.0.30324.0
MinimumVisualStudioVersion = 10.0.40219.1
Project("{FAE04EC0-301F-11D3-BF4B-00C04F79EFBC}") = "01-02. Abstraction", "Abstraction\01-02. Abstraction.csproj", "{D10BEF06-0FE9-4E95-ADA5-0F8DD653FD2A}"
EndProject
Project("{FAE04EC0-301F-11D3-BF4B-00C04F79EFBC}") = "03. CohesionAndCoupling", "CohesionAndCoupling\03. CohesionAndCoupling.csproj", "{4E081B29-C43A-4C58-95F5-D90E2D8F8732}"
EndProject
Project("{FAE04EC0-301F-11D3-BF4B-00C04F79EFBC}") = "04. InheritanceAndPolymorphism", "InheritanceAndPolymorphism\04. InheritanceAndPolymorphism.csproj", "{3826380D-A8EB-4499-B447-FC219F3C5FBD}"
EndProject
Global
	GlobalSection(SolutionConfigurationPlatforms) = preSolution
		Debug|Any CPU = Debug|Any CPU
		Release|Any CPU = Release|Any CPU
	EndGlobalSection
	GlobalSection(ProjectConfigurationPlatforms) = postSolution
		{D10BEF06-0FE9-4E95-ADA5-0F8DD653FD2A}.Debug|Any CPU.ActiveCfg = Debug|Any CPU
		{D10BEF06-0FE9-4E95-ADA5-0F8DD653FD2A}.Debug|Any CPU.Build.0 = Debug|Any CPU
		{D10BEF06-0FE9-4E95-ADA5-0F8DD653FD2A}.Release|Any CPU.ActiveCfg = Release|Any CPU
		{D10BEF06-0FE9-4E95-ADA5-0F8DD653FD2A}.Release|Any CPU.Build.0 = Release|Any CPU
		{4E081B29-C43A-4C58-95F5-D90E2D8F8732}.Debug|Any CPU.ActiveCfg = Debug|Any CPU
		{4E081B29-C43A-4C58-95F5-D90E2D8F8732}.Debug|Any CPU.Build.0 = Debug|Any CPU
		{4E081B29-C43A-4C58-95F5-D90E2D8F8732}.Release|Any CPU.ActiveCfg = Release|Any CPU
		{4E081B29-C43A-4C58-95F5-D90E2D8F8732}.Release|Any CPU.Build.0 = Release|Any CPU
		{3826380D-A8EB-4499-B447-FC219F3C5FBD}.Debug|Any CPU.ActiveCfg = Debug|Any CPU
		{3826380D-A8EB-4499-B447-FC219F3C5FBD}.Debug|Any CPU.Build.0 = Debug|Any CPU
		{3826380D-A8EB-4499-B447-FC219F3C5FBD}.Release|Any CPU.ActiveCfg = Release|Any CPU
		{3826380D-A8EB-4499-B447-FC219F3C5FBD}.Release|Any CPU.Build.0 = Release|Any CPU
	EndGlobalSection
	GlobalSection(SolutionProperties) = preSolution
		HideSolutionNode = FALSE
	EndGlobalSection
EndGlobal
