
Microsoft Visual Studio Solution File, Format Version 12.00
# Visual Studio 2012
Project("{FAE04EC0-301F-11D3-BF4B-00C04F79EFBC}") = "01. DescribeTheStrings", "01. DescribeTheStrings\01. DescribeTheStrings.csproj", "{C03A02AF-3C02-4344-A2BA-0D368EF80F10}"
EndProject
Project("{FAE04EC0-301F-11D3-BF4B-00C04F79EFBC}") = "02. ReverseString", "02. ReverseString\02. ReverseString.csproj", "{76CF2441-E5CE-41AD-B2F3-7B9524C28E3A}"
EndProject
Project("{FAE04EC0-301F-11D3-BF4B-00C04F79EFBC}") = "03. CheckGivenExpression", "03. CheckGivenExpression\03. CheckGivenExpression.csproj", "{5C30118E-8097-4D79-B8F1-A0704AFB050E}"
EndProject
Project("{FAE04EC0-301F-11D3-BF4B-00C04F79EFBC}") = "04. CountSubstrings", "04. CountSubstrings\04. CountSubstrings.csproj", "{53BF13CA-BA8D-42FC-AEDA-FC08E3493C36}"
EndProject
Project("{FAE04EC0-301F-11D3-BF4B-00C04F79EFBC}") = "05. ChangeToUppercase", "05. ChangeToUppercase\05. ChangeToUppercase.csproj", "{92C64540-804E-46C5-BE83-4BB03D1B3D7F}"
EndProject
Project("{FAE04EC0-301F-11D3-BF4B-00C04F79EFBC}") = "06. AddStarsToString", "06. AddStarsToString\06. AddStarsToString.csproj", "{40EECE0B-FC3F-413B-87E3-CD41E4318E0C}"
EndProject
Project("{FAE04EC0-301F-11D3-BF4B-00C04F79EFBC}") = "07. SpecialEncoding", "07. SpecialEncoding\07. SpecialEncoding.csproj", "{A9EEEF02-8D27-4138-8704-BF5B6ECCF606}"
EndProject
Project("{FAE04EC0-301F-11D3-BF4B-00C04F79EFBC}") = "08. ExtractSentences", "08. ExtractSentences\08. ExtractSentences.csproj", "{EDA3384C-DB50-4CE0-9EEA-C965EF38651E}"
EndProject
Project("{FAE04EC0-301F-11D3-BF4B-00C04F79EFBC}") = "09. ForbiddenWords", "09. ForbiddenWords\09. ForbiddenWords.csproj", "{D45E990D-764F-4EC1-BEBC-FDEFAE8EC0E7}"
EndProject
Project("{FAE04EC0-301F-11D3-BF4B-00C04F79EFBC}") = "10. StringToUnicodeLiteral", "10. StringToUnicodeLiteral\10. StringToUnicodeLiteral.csproj", "{FC165EFF-333A-4D71-A3B9-4D1D7C5643A0}"
EndProject
Project("{FAE04EC0-301F-11D3-BF4B-00C04F79EFBC}") = "11. PrintNumberInFormat", "11. PrintNumberInFormat\11. PrintNumberInFormat.csproj", "{B4456D71-5B65-40DC-BBE7-F620514E49D4}"
EndProject
Project("{FAE04EC0-301F-11D3-BF4B-00C04F79EFBC}") = "12. ParseURL", "12. ParseURL\12. ParseURL.csproj", "{D9B8AB8F-900A-4172-866B-2ED0D5EE5C89}"
EndProject
Project("{FAE04EC0-301F-11D3-BF4B-00C04F79EFBC}") = "13. ReverseSyntaxis", "13. ReverseSyntaxis\13. ReverseSyntaxis.csproj", "{0844E87D-9CF1-42C1-832D-6D2D394DB44C}"
EndProject
Project("{FAE04EC0-301F-11D3-BF4B-00C04F79EFBC}") = "14. Dictionary", "14. Dictionary\14. Dictionary.csproj", "{190DE030-8507-4C64-ADFC-54A9338C7565}"
EndProject
Project("{FAE04EC0-301F-11D3-BF4B-00C04F79EFBC}") = "15. ReplaceHrefInHTML", "15. ReplaceHrefInHTML\15. ReplaceHrefInHTML.csproj", "{BEDB29B4-A97B-4A08-B30B-F84C6FA8C564}"
EndProject
Project("{FAE04EC0-301F-11D3-BF4B-00C04F79EFBC}") = "16. DaysBetweenDates", "16. DaysBetweenDates\16. DaysBetweenDates.csproj", "{C9ACE61D-67DC-4E3F-ABD0-ED6CAE4B1882}"
EndProject
Project("{FAE04EC0-301F-11D3-BF4B-00C04F79EFBC}") = "17. PrintDateAfterTime", "17. PrintDateAfterTime\17. PrintDateAfterTime.csproj", "{29B17D78-ADD8-4513-A875-3997FD401647}"
EndProject
Project("{FAE04EC0-301F-11D3-BF4B-00C04F79EFBC}") = "21. DifferentLettersCounter", "21. DifferentLettersCounter\21. DifferentLettersCounter.csproj", "{835519B6-272E-44FF-8957-CDE898DBD02C}"
EndProject
Project("{FAE04EC0-301F-11D3-BF4B-00C04F79EFBC}") = "23. ReplaceIdenticalLetters", "23. ReplaceIdenticalLetters\23. ReplaceIdenticalLetters.csproj", "{2BBE699B-FAE4-4EE8-96B9-DEDDEC31EDCF}"
EndProject
Project("{FAE04EC0-301F-11D3-BF4B-00C04F79EFBC}") = "24. OrderListOfWords", "24. OrderListOfWords\24. OrderListOfWords.csproj", "{DEB76FD0-9179-44D3-B355-2D77FC981BDF}"
EndProject
Project("{FAE04EC0-301F-11D3-BF4B-00C04F79EFBC}") = "22. DifferentWordsCounter", "22. DifferentWordsCounter\22. DifferentWordsCounter.csproj", "{E20036D4-C873-467E-B166-C45F0735270A}"
EndProject
Project("{FAE04EC0-301F-11D3-BF4B-00C04F79EFBC}") = "18. ExtractEmailAdresses", "18. ExtractEmailAdresses\18. ExtractEmailAdresses.csproj", "{7999220E-DFBD-4E64-87AB-65D59F22BD62}"
EndProject
Project("{FAE04EC0-301F-11D3-BF4B-00C04F79EFBC}") = "19. ExtractDates", "19. ExtractDates\19. ExtractDates.csproj", "{CD00619A-12BD-4C36-B883-1A4559C90A7F}"
EndProject
Project("{FAE04EC0-301F-11D3-BF4B-00C04F79EFBC}") = "20. Palindroms", "20. Palindroms\20. Palindroms.csproj", "{C4250CE3-37A7-4456-B0C3-F0D913E3C411}"
EndProject
Project("{FAE04EC0-301F-11D3-BF4B-00C04F79EFBC}") = "25. HTML", "25. HTML\25. HTML.csproj", "{BCF55E78-04B2-446E-B26B-0F46EF4A41E0}"
EndProject
Global
	GlobalSection(SolutionConfigurationPlatforms) = preSolution
		Debug|Any CPU = Debug|Any CPU
		Release|Any CPU = Release|Any CPU
	EndGlobalSection
	GlobalSection(ProjectConfigurationPlatforms) = postSolution
		{C03A02AF-3C02-4344-A2BA-0D368EF80F10}.Debug|Any CPU.ActiveCfg = Debug|Any CPU
		{C03A02AF-3C02-4344-A2BA-0D368EF80F10}.Debug|Any CPU.Build.0 = Debug|Any CPU
		{C03A02AF-3C02-4344-A2BA-0D368EF80F10}.Release|Any CPU.ActiveCfg = Release|Any CPU
		{C03A02AF-3C02-4344-A2BA-0D368EF80F10}.Release|Any CPU.Build.0 = Release|Any CPU
		{76CF2441-E5CE-41AD-B2F3-7B9524C28E3A}.Debug|Any CPU.ActiveCfg = Debug|Any CPU
		{76CF2441-E5CE-41AD-B2F3-7B9524C28E3A}.Debug|Any CPU.Build.0 = Debug|Any CPU
		{76CF2441-E5CE-41AD-B2F3-7B9524C28E3A}.Release|Any CPU.ActiveCfg = Release|Any CPU
		{76CF2441-E5CE-41AD-B2F3-7B9524C28E3A}.Release|Any CPU.Build.0 = Release|Any CPU
		{5C30118E-8097-4D79-B8F1-A0704AFB050E}.Debug|Any CPU.ActiveCfg = Debug|Any CPU
		{5C30118E-8097-4D79-B8F1-A0704AFB050E}.Debug|Any CPU.Build.0 = Debug|Any CPU
		{5C30118E-8097-4D79-B8F1-A0704AFB050E}.Release|Any CPU.ActiveCfg = Release|Any CPU
		{5C30118E-8097-4D79-B8F1-A0704AFB050E}.Release|Any CPU.Build.0 = Release|Any CPU
		{53BF13CA-BA8D-42FC-AEDA-FC08E3493C36}.Debug|Any CPU.ActiveCfg = Debug|Any CPU
		{53BF13CA-BA8D-42FC-AEDA-FC08E3493C36}.Debug|Any CPU.Build.0 = Debug|Any CPU
		{53BF13CA-BA8D-42FC-AEDA-FC08E3493C36}.Release|Any CPU.ActiveCfg = Release|Any CPU
		{53BF13CA-BA8D-42FC-AEDA-FC08E3493C36}.Release|Any CPU.Build.0 = Release|Any CPU
		{92C64540-804E-46C5-BE83-4BB03D1B3D7F}.Debug|Any CPU.ActiveCfg = Debug|Any CPU
		{92C64540-804E-46C5-BE83-4BB03D1B3D7F}.Debug|Any CPU.Build.0 = Debug|Any CPU
		{92C64540-804E-46C5-BE83-4BB03D1B3D7F}.Release|Any CPU.ActiveCfg = Release|Any CPU
		{92C64540-804E-46C5-BE83-4BB03D1B3D7F}.Release|Any CPU.Build.0 = Release|Any CPU
		{40EECE0B-FC3F-413B-87E3-CD41E4318E0C}.Debug|Any CPU.ActiveCfg = Debug|Any CPU
		{40EECE0B-FC3F-413B-87E3-CD41E4318E0C}.Debug|Any CPU.Build.0 = Debug|Any CPU
		{40EECE0B-FC3F-413B-87E3-CD41E4318E0C}.Release|Any CPU.ActiveCfg = Release|Any CPU
		{40EECE0B-FC3F-413B-87E3-CD41E4318E0C}.Release|Any CPU.Build.0 = Release|Any CPU
		{A9EEEF02-8D27-4138-8704-BF5B6ECCF606}.Debug|Any CPU.ActiveCfg = Debug|Any CPU
		{A9EEEF02-8D27-4138-8704-BF5B6ECCF606}.Debug|Any CPU.Build.0 = Debug|Any CPU
		{A9EEEF02-8D27-4138-8704-BF5B6ECCF606}.Release|Any CPU.ActiveCfg = Release|Any CPU
		{A9EEEF02-8D27-4138-8704-BF5B6ECCF606}.Release|Any CPU.Build.0 = Release|Any CPU
		{EDA3384C-DB50-4CE0-9EEA-C965EF38651E}.Debug|Any CPU.ActiveCfg = Debug|Any CPU
		{EDA3384C-DB50-4CE0-9EEA-C965EF38651E}.Debug|Any CPU.Build.0 = Debug|Any CPU
		{EDA3384C-DB50-4CE0-9EEA-C965EF38651E}.Release|Any CPU.ActiveCfg = Release|Any CPU
		{EDA3384C-DB50-4CE0-9EEA-C965EF38651E}.Release|Any CPU.Build.0 = Release|Any CPU
		{D45E990D-764F-4EC1-BEBC-FDEFAE8EC0E7}.Debug|Any CPU.ActiveCfg = Debug|Any CPU
		{D45E990D-764F-4EC1-BEBC-FDEFAE8EC0E7}.Debug|Any CPU.Build.0 = Debug|Any CPU
		{D45E990D-764F-4EC1-BEBC-FDEFAE8EC0E7}.Release|Any CPU.ActiveCfg = Release|Any CPU
		{D45E990D-764F-4EC1-BEBC-FDEFAE8EC0E7}.Release|Any CPU.Build.0 = Release|Any CPU
		{FC165EFF-333A-4D71-A3B9-4D1D7C5643A0}.Debug|Any CPU.ActiveCfg = Debug|Any CPU
		{FC165EFF-333A-4D71-A3B9-4D1D7C5643A0}.Debug|Any CPU.Build.0 = Debug|Any CPU
		{FC165EFF-333A-4D71-A3B9-4D1D7C5643A0}.Release|Any CPU.ActiveCfg = Release|Any CPU
		{FC165EFF-333A-4D71-A3B9-4D1D7C5643A0}.Release|Any CPU.Build.0 = Release|Any CPU
		{B4456D71-5B65-40DC-BBE7-F620514E49D4}.Debug|Any CPU.ActiveCfg = Debug|Any CPU
		{B4456D71-5B65-40DC-BBE7-F620514E49D4}.Debug|Any CPU.Build.0 = Debug|Any CPU
		{B4456D71-5B65-40DC-BBE7-F620514E49D4}.Release|Any CPU.ActiveCfg = Release|Any CPU
		{B4456D71-5B65-40DC-BBE7-F620514E49D4}.Release|Any CPU.Build.0 = Release|Any CPU
		{D9B8AB8F-900A-4172-866B-2ED0D5EE5C89}.Debug|Any CPU.ActiveCfg = Debug|Any CPU
		{D9B8AB8F-900A-4172-866B-2ED0D5EE5C89}.Debug|Any CPU.Build.0 = Debug|Any CPU
		{D9B8AB8F-900A-4172-866B-2ED0D5EE5C89}.Release|Any CPU.ActiveCfg = Release|Any CPU
		{D9B8AB8F-900A-4172-866B-2ED0D5EE5C89}.Release|Any CPU.Build.0 = Release|Any CPU
		{0844E87D-9CF1-42C1-832D-6D2D394DB44C}.Debug|Any CPU.ActiveCfg = Debug|Any CPU
		{0844E87D-9CF1-42C1-832D-6D2D394DB44C}.Debug|Any CPU.Build.0 = Debug|Any CPU
		{0844E87D-9CF1-42C1-832D-6D2D394DB44C}.Release|Any CPU.ActiveCfg = Release|Any CPU
		{0844E87D-9CF1-42C1-832D-6D2D394DB44C}.Release|Any CPU.Build.0 = Release|Any CPU
		{190DE030-8507-4C64-ADFC-54A9338C7565}.Debug|Any CPU.ActiveCfg = Debug|Any CPU
		{190DE030-8507-4C64-ADFC-54A9338C7565}.Debug|Any CPU.Build.0 = Debug|Any CPU
		{190DE030-8507-4C64-ADFC-54A9338C7565}.Release|Any CPU.ActiveCfg = Release|Any CPU
		{190DE030-8507-4C64-ADFC-54A9338C7565}.Release|Any CPU.Build.0 = Release|Any CPU
		{BEDB29B4-A97B-4A08-B30B-F84C6FA8C564}.Debug|Any CPU.ActiveCfg = Debug|Any CPU
		{BEDB29B4-A97B-4A08-B30B-F84C6FA8C564}.Debug|Any CPU.Build.0 = Debug|Any CPU
		{BEDB29B4-A97B-4A08-B30B-F84C6FA8C564}.Release|Any CPU.ActiveCfg = Release|Any CPU
		{BEDB29B4-A97B-4A08-B30B-F84C6FA8C564}.Release|Any CPU.Build.0 = Release|Any CPU
		{C9ACE61D-67DC-4E3F-ABD0-ED6CAE4B1882}.Debug|Any CPU.ActiveCfg = Debug|Any CPU
		{C9ACE61D-67DC-4E3F-ABD0-ED6CAE4B1882}.Debug|Any CPU.Build.0 = Debug|Any CPU
		{C9ACE61D-67DC-4E3F-ABD0-ED6CAE4B1882}.Release|Any CPU.ActiveCfg = Release|Any CPU
		{C9ACE61D-67DC-4E3F-ABD0-ED6CAE4B1882}.Release|Any CPU.Build.0 = Release|Any CPU
		{29B17D78-ADD8-4513-A875-3997FD401647}.Debug|Any CPU.ActiveCfg = Debug|Any CPU
		{29B17D78-ADD8-4513-A875-3997FD401647}.Debug|Any CPU.Build.0 = Debug|Any CPU
		{29B17D78-ADD8-4513-A875-3997FD401647}.Release|Any CPU.ActiveCfg = Release|Any CPU
		{29B17D78-ADD8-4513-A875-3997FD401647}.Release|Any CPU.Build.0 = Release|Any CPU
		{835519B6-272E-44FF-8957-CDE898DBD02C}.Debug|Any CPU.ActiveCfg = Debug|Any CPU
		{835519B6-272E-44FF-8957-CDE898DBD02C}.Debug|Any CPU.Build.0 = Debug|Any CPU
		{835519B6-272E-44FF-8957-CDE898DBD02C}.Release|Any CPU.ActiveCfg = Release|Any CPU
		{835519B6-272E-44FF-8957-CDE898DBD02C}.Release|Any CPU.Build.0 = Release|Any CPU
		{2BBE699B-FAE4-4EE8-96B9-DEDDEC31EDCF}.Debug|Any CPU.ActiveCfg = Debug|Any CPU
		{2BBE699B-FAE4-4EE8-96B9-DEDDEC31EDCF}.Debug|Any CPU.Build.0 = Debug|Any CPU
		{2BBE699B-FAE4-4EE8-96B9-DEDDEC31EDCF}.Release|Any CPU.ActiveCfg = Release|Any CPU
		{2BBE699B-FAE4-4EE8-96B9-DEDDEC31EDCF}.Release|Any CPU.Build.0 = Release|Any CPU
		{DEB76FD0-9179-44D3-B355-2D77FC981BDF}.Debug|Any CPU.ActiveCfg = Debug|Any CPU
		{DEB76FD0-9179-44D3-B355-2D77FC981BDF}.Debug|Any CPU.Build.0 = Debug|Any CPU
		{DEB76FD0-9179-44D3-B355-2D77FC981BDF}.Release|Any CPU.ActiveCfg = Release|Any CPU
		{DEB76FD0-9179-44D3-B355-2D77FC981BDF}.Release|Any CPU.Build.0 = Release|Any CPU
		{E20036D4-C873-467E-B166-C45F0735270A}.Debug|Any CPU.ActiveCfg = Debug|Any CPU
		{E20036D4-C873-467E-B166-C45F0735270A}.Debug|Any CPU.Build.0 = Debug|Any CPU
		{E20036D4-C873-467E-B166-C45F0735270A}.Release|Any CPU.ActiveCfg = Release|Any CPU
		{E20036D4-C873-467E-B166-C45F0735270A}.Release|Any CPU.Build.0 = Release|Any CPU
		{7999220E-DFBD-4E64-87AB-65D59F22BD62}.Debug|Any CPU.ActiveCfg = Debug|Any CPU
		{7999220E-DFBD-4E64-87AB-65D59F22BD62}.Debug|Any CPU.Build.0 = Debug|Any CPU
		{7999220E-DFBD-4E64-87AB-65D59F22BD62}.Release|Any CPU.ActiveCfg = Release|Any CPU
		{7999220E-DFBD-4E64-87AB-65D59F22BD62}.Release|Any CPU.Build.0 = Release|Any CPU
		{CD00619A-12BD-4C36-B883-1A4559C90A7F}.Debug|Any CPU.ActiveCfg = Debug|Any CPU
		{CD00619A-12BD-4C36-B883-1A4559C90A7F}.Debug|Any CPU.Build.0 = Debug|Any CPU
		{CD00619A-12BD-4C36-B883-1A4559C90A7F}.Release|Any CPU.ActiveCfg = Release|Any CPU
		{CD00619A-12BD-4C36-B883-1A4559C90A7F}.Release|Any CPU.Build.0 = Release|Any CPU
		{C4250CE3-37A7-4456-B0C3-F0D913E3C411}.Debug|Any CPU.ActiveCfg = Debug|Any CPU
		{C4250CE3-37A7-4456-B0C3-F0D913E3C411}.Debug|Any CPU.Build.0 = Debug|Any CPU
		{C4250CE3-37A7-4456-B0C3-F0D913E3C411}.Release|Any CPU.ActiveCfg = Release|Any CPU
		{C4250CE3-37A7-4456-B0C3-F0D913E3C411}.Release|Any CPU.Build.0 = Release|Any CPU
		{BCF55E78-04B2-446E-B26B-0F46EF4A41E0}.Debug|Any CPU.ActiveCfg = Debug|Any CPU
		{BCF55E78-04B2-446E-B26B-0F46EF4A41E0}.Debug|Any CPU.Build.0 = Debug|Any CPU
		{BCF55E78-04B2-446E-B26B-0F46EF4A41E0}.Release|Any CPU.ActiveCfg = Release|Any CPU
		{BCF55E78-04B2-446E-B26B-0F46EF4A41E0}.Release|Any CPU.Build.0 = Release|Any CPU
	EndGlobalSection
	GlobalSection(SolutionProperties) = preSolution
		HideSolutionNode = FALSE
	EndGlobalSection
EndGlobal
