
Microsoft Visual Studio Solution File, Format Version 12.00
# Visual Studio 2012
Project("{FAE04EC0-301F-11D3-BF4B-00C04F79EFBC}") = "01. Students", "01. Students\01. Students.csproj", "{DBA5212D-5237-4090-BAAF-2B80DE44A315}"
EndProject
Project("{FAE04EC0-301F-11D3-BF4B-00C04F79EFBC}") = "04. Persons", "04. Persons\04. Persons.csproj", "{FD6659C6-A922-4F1D-BCF3-566924E6E64D}"
EndProject
Project("{FAE04EC0-301F-11D3-BF4B-00C04F79EFBC}") = "05. BitArray", "05. BitArray\05. BitArray.csproj", "{4A93497C-7FEA-438A-A247-DCA099539127}"
EndProject
Project("{FAE04EC0-301F-11D3-BF4B-00C04F79EFBC}") = "06. BinaryTree", "06. BinaryTree\06. BinaryTree.csproj", "{89CC6E61-2DD2-4497-AE82-A2B4AF44F728}"
EndProject
Global
	GlobalSection(SolutionConfigurationPlatforms) = preSolution
		Debug|Any CPU = Debug|Any CPU
		Release|Any CPU = Release|Any CPU
	EndGlobalSection
	GlobalSection(ProjectConfigurationPlatforms) = postSolution
		{DBA5212D-5237-4090-BAAF-2B80DE44A315}.Debug|Any CPU.ActiveCfg = Debug|Any CPU
		{DBA5212D-5237-4090-BAAF-2B80DE44A315}.Debug|Any CPU.Build.0 = Debug|Any CPU
		{DBA5212D-5237-4090-BAAF-2B80DE44A315}.Release|Any CPU.ActiveCfg = Release|Any CPU
		{DBA5212D-5237-4090-BAAF-2B80DE44A315}.Release|Any CPU.Build.0 = Release|Any CPU
		{FD6659C6-A922-4F1D-BCF3-566924E6E64D}.Debug|Any CPU.ActiveCfg = Debug|Any CPU
		{FD6659C6-A922-4F1D-BCF3-566924E6E64D}.Debug|Any CPU.Build.0 = Debug|Any CPU
		{FD6659C6-A922-4F1D-BCF3-566924E6E64D}.Release|Any CPU.ActiveCfg = Release|Any CPU
		{FD6659C6-A922-4F1D-BCF3-566924E6E64D}.Release|Any CPU.Build.0 = Release|Any CPU
		{4A93497C-7FEA-438A-A247-DCA099539127}.Debug|Any CPU.ActiveCfg = Debug|Any CPU
		{4A93497C-7FEA-438A-A247-DCA099539127}.Debug|Any CPU.Build.0 = Debug|Any CPU
		{4A93497C-7FEA-438A-A247-DCA099539127}.Release|Any CPU.ActiveCfg = Release|Any CPU
		{4A93497C-7FEA-438A-A247-DCA099539127}.Release|Any CPU.Build.0 = Release|Any CPU
		{89CC6E61-2DD2-4497-AE82-A2B4AF44F728}.Debug|Any CPU.ActiveCfg = Debug|Any CPU
		{89CC6E61-2DD2-4497-AE82-A2B4AF44F728}.Debug|Any CPU.Build.0 = Debug|Any CPU
		{89CC6E61-2DD2-4497-AE82-A2B4AF44F728}.Release|Any CPU.ActiveCfg = Release|Any CPU
		{89CC6E61-2DD2-4497-AE82-A2B4AF44F728}.Release|Any CPU.Build.0 = Release|Any CPU
	EndGlobalSection
	GlobalSection(SolutionProperties) = preSolution
		HideSolutionNode = FALSE
	EndGlobalSection
EndGlobal
