
Microsoft Visual Studio Solution File, Format Version 12.00
# Visual Studio 2013
VisualStudioVersion = 12.0.30324.0
MinimumVisualStudioVersion = 10.0.40219.1
Project("{FAE04EC0-301F-11D3-BF4B-00C04F79EFBC}") = "Computers.UI.Console", "Computers.UI.Console\Computers.UI.Console.csproj", "{920382DC-166F-4C55-8AF7-70D668191107}"
EndProject
Project("{FAE04EC0-301F-11D3-BF4B-00C04F79EFBC}") = "Computers.UI.Console.Tests", "Computers.UI.Console.Tests\Computers.UI.Console.Tests.csproj", "{89AE360B-2911-471F-8549-C72D711CAD6C}"
EndProject
Global
	GlobalSection(SolutionConfigurationPlatforms) = preSolution
		Debug|Any CPU = Debug|Any CPU
		Release|Any CPU = Release|Any CPU
	EndGlobalSection
	GlobalSection(ProjectConfigurationPlatforms) = postSolution
		{920382DC-166F-4C55-8AF7-70D668191107}.Debug|Any CPU.ActiveCfg = Debug|Any CPU
		{920382DC-166F-4C55-8AF7-70D668191107}.Debug|Any CPU.Build.0 = Debug|Any CPU
		{920382DC-166F-4C55-8AF7-70D668191107}.Release|Any CPU.ActiveCfg = Release|Any CPU
		{920382DC-166F-4C55-8AF7-70D668191107}.Release|Any CPU.Build.0 = Release|Any CPU
		{89AE360B-2911-471F-8549-C72D711CAD6C}.Debug|Any CPU.ActiveCfg = Debug|Any CPU
		{89AE360B-2911-471F-8549-C72D711CAD6C}.Debug|Any CPU.Build.0 = Debug|Any CPU
		{89AE360B-2911-471F-8549-C72D711CAD6C}.Release|Any CPU.ActiveCfg = Release|Any CPU
		{89AE360B-2911-471F-8549-C72D711CAD6C}.Release|Any CPU.Build.0 = Release|Any CPU
	EndGlobalSection
	GlobalSection(SolutionProperties) = preSolution
		HideSolutionNode = FALSE
	EndGlobalSection
EndGlobal
