
Microsoft Visual Studio Solution File, Format Version 12.00
# Visual Studio 2012
Project("{FAE04EC0-301F-11D3-BF4B-00C04F79EFBC}") = "1. 9Gag Numbers", "1. 9Gag Numbers\1. 9Gag Numbers.csproj", "{DBD36BDF-AE96-4A8C-8B61-08BDB2E4A7F9}"
EndProject
Project("{FAE04EC0-301F-11D3-BF4B-00C04F79EFBC}") = "2. Special Value", "2. Special Value\2. Special Value.csproj", "{7812AFA2-FB49-4FD1-A52D-86575D3EA062}"
EndProject
Project("{FAE04EC0-301F-11D3-BF4B-00C04F79EFBC}") = "3. Kukata is Dancing", "3. Kukata is Dancing\3. Kukata is Dancing.csproj", "{5F9C68D2-387F-409C-8D01-562ECEA64BFB}"
EndProject
Global
	GlobalSection(SolutionConfigurationPlatforms) = preSolution
		Debug|Any CPU = Debug|Any CPU
		Release|Any CPU = Release|Any CPU
	EndGlobalSection
	GlobalSection(ProjectConfigurationPlatforms) = postSolution
		{DBD36BDF-AE96-4A8C-8B61-08BDB2E4A7F9}.Debug|Any CPU.ActiveCfg = Debug|Any CPU
		{DBD36BDF-AE96-4A8C-8B61-08BDB2E4A7F9}.Debug|Any CPU.Build.0 = Debug|Any CPU
		{DBD36BDF-AE96-4A8C-8B61-08BDB2E4A7F9}.Release|Any CPU.ActiveCfg = Release|Any CPU
		{DBD36BDF-AE96-4A8C-8B61-08BDB2E4A7F9}.Release|Any CPU.Build.0 = Release|Any CPU
		{7812AFA2-FB49-4FD1-A52D-86575D3EA062}.Debug|Any CPU.ActiveCfg = Debug|Any CPU
		{7812AFA2-FB49-4FD1-A52D-86575D3EA062}.Debug|Any CPU.Build.0 = Debug|Any CPU
		{7812AFA2-FB49-4FD1-A52D-86575D3EA062}.Release|Any CPU.ActiveCfg = Release|Any CPU
		{7812AFA2-FB49-4FD1-A52D-86575D3EA062}.Release|Any CPU.Build.0 = Release|Any CPU
		{5F9C68D2-387F-409C-8D01-562ECEA64BFB}.Debug|Any CPU.ActiveCfg = Debug|Any CPU
		{5F9C68D2-387F-409C-8D01-562ECEA64BFB}.Debug|Any CPU.Build.0 = Debug|Any CPU
		{5F9C68D2-387F-409C-8D01-562ECEA64BFB}.Release|Any CPU.ActiveCfg = Release|Any CPU
		{5F9C68D2-387F-409C-8D01-562ECEA64BFB}.Release|Any CPU.Build.0 = Release|Any CPU
	EndGlobalSection
	GlobalSection(SolutionProperties) = preSolution
		HideSolutionNode = FALSE
	EndGlobalSection
EndGlobal
